
Microsoft Visual Studio Solution File, Format Version 12.00
# Visual Studio 15
VisualStudioVersion = 15.0.28307.271
MinimumVisualStudioVersion = 10.0.40219.1
Project("{FAE04EC0-301F-11D3-BF4B-00C04F79EFBC}") = "Calculator.Console", "Calculator.Console\Calculator.Console.csproj", "{A1E2B0FF-4CEE-4F3B-8E91-97DE96858FF2}"
EndProject
Project("{FAE04EC0-301F-11D3-BF4B-00C04F79EFBC}") = "Calculator.Win", "Calculator.Win\Calculator.Win.csproj", "{90F24B00-778F-49C4-9031-417C06DFB71C}"
EndProject
Project("{FAE04EC0-301F-11D3-BF4B-00C04F79EFBC}") = "Calculator.Core", "Calculator.Core\Calculator.Core.csproj", "{D3D73050-2A56-4284-BE85-22D575E05A7C}"
EndProject
Project("{FAE04EC0-301F-11D3-BF4B-00C04F79EFBC}") = "DB_History", "ClassLibrary1\DB_History.csproj", "{E7118853-22E2-425B-B2C5-37959B644E00}"
EndProject
Global
	GlobalSection(SolutionConfigurationPlatforms) = preSolution
		Debug|Any CPU = Debug|Any CPU
		Release|Any CPU = Release|Any CPU
	EndGlobalSection
	GlobalSection(ProjectConfigurationPlatforms) = postSolution
		{A1E2B0FF-4CEE-4F3B-8E91-97DE96858FF2}.Debug|Any CPU.ActiveCfg = Debug|Any CPU
		{A1E2B0FF-4CEE-4F3B-8E91-97DE96858FF2}.Debug|Any CPU.Build.0 = Debug|Any CPU
		{A1E2B0FF-4CEE-4F3B-8E91-97DE96858FF2}.Release|Any CPU.ActiveCfg = Release|Any CPU
		{A1E2B0FF-4CEE-4F3B-8E91-97DE96858FF2}.Release|Any CPU.Build.0 = Release|Any CPU
		{90F24B00-778F-49C4-9031-417C06DFB71C}.Debug|Any CPU.ActiveCfg = Debug|Any CPU
		{90F24B00-778F-49C4-9031-417C06DFB71C}.Debug|Any CPU.Build.0 = Debug|Any CPU
		{90F24B00-778F-49C4-9031-417C06DFB71C}.Release|Any CPU.ActiveCfg = Release|Any CPU
		{90F24B00-778F-49C4-9031-417C06DFB71C}.Release|Any CPU.Build.0 = Release|Any CPU
		{D3D73050-2A56-4284-BE85-22D575E05A7C}.Debug|Any CPU.ActiveCfg = Debug|Any CPU
		{D3D73050-2A56-4284-BE85-22D575E05A7C}.Debug|Any CPU.Build.0 = Debug|Any CPU
		{D3D73050-2A56-4284-BE85-22D575E05A7C}.Release|Any CPU.ActiveCfg = Release|Any CPU
		{D3D73050-2A56-4284-BE85-22D575E05A7C}.Release|Any CPU.Build.0 = Release|Any CPU
		{E7118853-22E2-425B-B2C5-37959B644E00}.Debug|Any CPU.ActiveCfg = Debug|Any CPU
		{E7118853-22E2-425B-B2C5-37959B644E00}.Debug|Any CPU.Build.0 = Debug|Any CPU
		{E7118853-22E2-425B-B2C5-37959B644E00}.Release|Any CPU.ActiveCfg = Release|Any CPU
		{E7118853-22E2-425B-B2C5-37959B644E00}.Release|Any CPU.Build.0 = Release|Any CPU
	EndGlobalSection
	GlobalSection(SolutionProperties) = preSolution
		HideSolutionNode = FALSE
	EndGlobalSection
	GlobalSection(ExtensibilityGlobals) = postSolution
		SolutionGuid = {57C41E04-33E5-4444-8230-065AA0387A90}
	EndGlobalSection
EndGlobal
